
Microsoft Visual Studio Solution File, Format Version 12.00
# Visual Studio Version 16
VisualStudioVersion = 16.0.32929.386
MinimumVisualStudioVersion = 10.0.40219.1
Project("{FAE04EC0-301F-11D3-BF4B-00C04F79EFBC}") = "airconditioner", "airconditioner\airconditioner.csproj", "{8BE18201-11C4-4C0C-9550-8B580DF7EA7E}"
EndProject
Global
	GlobalSection(SolutionConfigurationPlatforms) = preSolution
		Debug|Any CPU = Debug|Any CPU
		Release|Any CPU = Release|Any CPU
	EndGlobalSection
	GlobalSection(ProjectConfigurationPlatforms) = postSolution
		{8BE18201-11C4-4C0C-9550-8B580DF7EA7E}.Debug|Any CPU.ActiveCfg = Debug|Any CPU
		{8BE18201-11C4-4C0C-9550-8B580DF7EA7E}.Debug|Any CPU.Build.0 = Debug|Any CPU
		{8BE18201-11C4-4C0C-9550-8B580DF7EA7E}.Release|Any CPU.ActiveCfg = Release|Any CPU
		{8BE18201-11C4-4C0C-9550-8B580DF7EA7E}.Release|Any CPU.Build.0 = Release|Any CPU
	EndGlobalSection
	GlobalSection(SolutionProperties) = preSolution
		HideSolutionNode = FALSE
	EndGlobalSection
	GlobalSection(ExtensibilityGlobals) = postSolution
		SolutionGuid = {2F53D0E8-422A-4ED1-AC88-8CBF26A4B323}
	EndGlobalSection
EndGlobal
